
Microsoft Visual Studio Solution File, Format Version 12.00
# Visual Studio Version 16
VisualStudioVersion = 16.0.31515.178
MinimumVisualStudioVersion = 10.0.40219.1
Project("{2150E333-8FDC-42A3-9474-1A3956D46DE8}") = "Domain", "Domain", "{38018028-E664-488B-B899-081A329E7978}"
EndProject
Project("{9A19103F-16F7-4668-BE54-9A1E7A4F7556}") = "OnionApp.Domain.Models", "OnionApp.Domain.Models\OnionApp.Domain.Models.csproj", "{230DCAA0-57F6-4A11-8314-540BC61C302A}"
EndProject
Project("{2150E333-8FDC-42A3-9474-1A3956D46DE8}") = "AppServices", "AppServices", "{C7533150-B427-49EE-86A9-7C27C2FB4121}"
EndProject
Project("{2150E333-8FDC-42A3-9474-1A3956D46DE8}") = "Presentation", "Presentation", "{6034D87A-11F5-43DA-B5B9-1013B6FF1D46}"
EndProject
Project("{2150E333-8FDC-42A3-9474-1A3956D46DE8}") = "Infrastructure", "Infrastructure", "{08D59DB3-10B2-467C-BAD9-BF11671B04DA}"
EndProject
Project("{2150E333-8FDC-42A3-9474-1A3956D46DE8}") = "Databases", "Databases", "{AB19B20F-4759-4FC2-9BF3-0BD12AB1B0A3}"
EndProject
Project("{2150E333-8FDC-42A3-9474-1A3956D46DE8}") = "Messaging", "Messaging", "{2F5151B4-F0E4-4297-B38F-34131A2FB156}"
EndProject
Project("{2150E333-8FDC-42A3-9474-1A3956D46DE8}") = "Storage", "Storage", "{F2CAAD61-49E3-4B40-9F83-BCCEA7BED149}"
EndProject
Project("{9A19103F-16F7-4668-BE54-9A1E7A4F7556}") = "OnionApp.AppServices.Api", "OnionApp.AppServices.Api\OnionApp.AppServices.Api.csproj", "{86887EED-7BAA-492B-BE12-5B1AA39B0B33}"
EndProject
Project("{9A19103F-16F7-4668-BE54-9A1E7A4F7556}") = "OnionApp.AppServices.Repository", "OnionApp.AppServices.Repository\OnionApp.AppServices.Repository.csproj", "{AB6F203B-F744-4DDC-BF36-BE844DEBBC1E}"
EndProject
Project("{9A19103F-16F7-4668-BE54-9A1E7A4F7556}") = "OnionApp.Infra.Db.MainDb", "OnionApp.Infra.Db.MainDb\OnionApp.Infra.Db.MainDb.csproj", "{2E56B338-FAEF-412F-BF8D-0E0415BE6561}"
EndProject
Project("{9A19103F-16F7-4668-BE54-9A1E7A4F7556}") = "OnionApp.Infra.Storage", "OnionApp.Infra.Storage\OnionApp.Infra.Storage.csproj", "{3AD266FC-E8C7-4B0B-B7EC-654A68579684}"
EndProject
Project("{9A19103F-16F7-4668-BE54-9A1E7A4F7556}") = "OnionApp.Infra.EventBus", "OnionApp.Infra.EventBus\OnionApp.Infra.EventBus.csproj", "{38D7448D-BCE8-4DF0-B916-9BC6D7F676E4}"
EndProject
Project("{9A19103F-16F7-4668-BE54-9A1E7A4F7556}") = "OnionApp.Ui.Api", "OnionApp.Ui.Api\OnionApp.Ui.Api.csproj", "{51464E73-BA69-43D8-A886-FF0016473578}"
EndProject
Project("{2150E333-8FDC-42A3-9474-1A3956D46DE8}") = "CrossCutting", "CrossCutting", "{FB3D8FFC-FD7F-45D6-8400-FD68A68FB7C6}"
EndProject
Project("{9A19103F-16F7-4668-BE54-9A1E7A4F7556}") = "OnionApp.CrossCutting.Logging", "OnionApp.CrossCutting.Logging\OnionApp.CrossCutting.Logging.csproj", "{C8EF9689-DA00-4DED-B25D-6D9CAD54B564}"
EndProject
Project("{2150E333-8FDC-42A3-9474-1A3956D46DE8}") = "Documentation", "Documentation", "{F1AB4EFB-75A2-4CF8-95F2-9184E242461F}"
	ProjectSection(SolutionItems) = preProject
		ReadMe.md = ReadMe.md
	EndProjectSection
EndProject
Project("{2150E333-8FDC-42A3-9474-1A3956D46DE8}") = "Tests", "Tests", "{79C2F916-3593-456F-B3F3-AF11949C29F0}"
EndProject
Global
	GlobalSection(SolutionConfigurationPlatforms) = preSolution
		Debug|Any CPU = Debug|Any CPU
		Release|Any CPU = Release|Any CPU
	EndGlobalSection
	GlobalSection(ProjectConfigurationPlatforms) = postSolution
		{230DCAA0-57F6-4A11-8314-540BC61C302A}.Debug|Any CPU.ActiveCfg = Debug|Any CPU
		{230DCAA0-57F6-4A11-8314-540BC61C302A}.Debug|Any CPU.Build.0 = Debug|Any CPU
		{230DCAA0-57F6-4A11-8314-540BC61C302A}.Release|Any CPU.ActiveCfg = Release|Any CPU
		{230DCAA0-57F6-4A11-8314-540BC61C302A}.Release|Any CPU.Build.0 = Release|Any CPU
		{86887EED-7BAA-492B-BE12-5B1AA39B0B33}.Debug|Any CPU.ActiveCfg = Debug|Any CPU
		{86887EED-7BAA-492B-BE12-5B1AA39B0B33}.Debug|Any CPU.Build.0 = Debug|Any CPU
		{86887EED-7BAA-492B-BE12-5B1AA39B0B33}.Release|Any CPU.ActiveCfg = Release|Any CPU
		{86887EED-7BAA-492B-BE12-5B1AA39B0B33}.Release|Any CPU.Build.0 = Release|Any CPU
		{AB6F203B-F744-4DDC-BF36-BE844DEBBC1E}.Debug|Any CPU.ActiveCfg = Debug|Any CPU
		{AB6F203B-F744-4DDC-BF36-BE844DEBBC1E}.Debug|Any CPU.Build.0 = Debug|Any CPU
		{AB6F203B-F744-4DDC-BF36-BE844DEBBC1E}.Release|Any CPU.ActiveCfg = Release|Any CPU
		{AB6F203B-F744-4DDC-BF36-BE844DEBBC1E}.Release|Any CPU.Build.0 = Release|Any CPU
		{2E56B338-FAEF-412F-BF8D-0E0415BE6561}.Debug|Any CPU.ActiveCfg = Debug|Any CPU
		{2E56B338-FAEF-412F-BF8D-0E0415BE6561}.Debug|Any CPU.Build.0 = Debug|Any CPU
		{2E56B338-FAEF-412F-BF8D-0E0415BE6561}.Release|Any CPU.ActiveCfg = Release|Any CPU
		{2E56B338-FAEF-412F-BF8D-0E0415BE6561}.Release|Any CPU.Build.0 = Release|Any CPU
		{3AD266FC-E8C7-4B0B-B7EC-654A68579684}.Debug|Any CPU.ActiveCfg = Debug|Any CPU
		{3AD266FC-E8C7-4B0B-B7EC-654A68579684}.Debug|Any CPU.Build.0 = Debug|Any CPU
		{3AD266FC-E8C7-4B0B-B7EC-654A68579684}.Release|Any CPU.ActiveCfg = Release|Any CPU
		{3AD266FC-E8C7-4B0B-B7EC-654A68579684}.Release|Any CPU.Build.0 = Release|Any CPU
		{38D7448D-BCE8-4DF0-B916-9BC6D7F676E4}.Debug|Any CPU.ActiveCfg = Debug|Any CPU
		{38D7448D-BCE8-4DF0-B916-9BC6D7F676E4}.Debug|Any CPU.Build.0 = Debug|Any CPU
		{38D7448D-BCE8-4DF0-B916-9BC6D7F676E4}.Release|Any CPU.ActiveCfg = Release|Any CPU
		{38D7448D-BCE8-4DF0-B916-9BC6D7F676E4}.Release|Any CPU.Build.0 = Release|Any CPU
		{51464E73-BA69-43D8-A886-FF0016473578}.Debug|Any CPU.ActiveCfg = Debug|Any CPU
		{51464E73-BA69-43D8-A886-FF0016473578}.Debug|Any CPU.Build.0 = Debug|Any CPU
		{51464E73-BA69-43D8-A886-FF0016473578}.Release|Any CPU.ActiveCfg = Release|Any CPU
		{51464E73-BA69-43D8-A886-FF0016473578}.Release|Any CPU.Build.0 = Release|Any CPU
		{C8EF9689-DA00-4DED-B25D-6D9CAD54B564}.Debug|Any CPU.ActiveCfg = Debug|Any CPU
		{C8EF9689-DA00-4DED-B25D-6D9CAD54B564}.Debug|Any CPU.Build.0 = Debug|Any CPU
		{C8EF9689-DA00-4DED-B25D-6D9CAD54B564}.Release|Any CPU.ActiveCfg = Release|Any CPU
		{C8EF9689-DA00-4DED-B25D-6D9CAD54B564}.Release|Any CPU.Build.0 = Release|Any CPU
	EndGlobalSection
	GlobalSection(SolutionProperties) = preSolution
		HideSolutionNode = FALSE
	EndGlobalSection
	GlobalSection(NestedProjects) = preSolution
		{230DCAA0-57F6-4A11-8314-540BC61C302A} = {38018028-E664-488B-B899-081A329E7978}
		{AB19B20F-4759-4FC2-9BF3-0BD12AB1B0A3} = {08D59DB3-10B2-467C-BAD9-BF11671B04DA}
		{2F5151B4-F0E4-4297-B38F-34131A2FB156} = {08D59DB3-10B2-467C-BAD9-BF11671B04DA}
		{F2CAAD61-49E3-4B40-9F83-BCCEA7BED149} = {08D59DB3-10B2-467C-BAD9-BF11671B04DA}
		{86887EED-7BAA-492B-BE12-5B1AA39B0B33} = {C7533150-B427-49EE-86A9-7C27C2FB4121}
		{AB6F203B-F744-4DDC-BF36-BE844DEBBC1E} = {C7533150-B427-49EE-86A9-7C27C2FB4121}
		{2E56B338-FAEF-412F-BF8D-0E0415BE6561} = {AB19B20F-4759-4FC2-9BF3-0BD12AB1B0A3}
		{3AD266FC-E8C7-4B0B-B7EC-654A68579684} = {F2CAAD61-49E3-4B40-9F83-BCCEA7BED149}
		{38D7448D-BCE8-4DF0-B916-9BC6D7F676E4} = {2F5151B4-F0E4-4297-B38F-34131A2FB156}
		{51464E73-BA69-43D8-A886-FF0016473578} = {6034D87A-11F5-43DA-B5B9-1013B6FF1D46}
		{C8EF9689-DA00-4DED-B25D-6D9CAD54B564} = {FB3D8FFC-FD7F-45D6-8400-FD68A68FB7C6}
	EndGlobalSection
	GlobalSection(ExtensibilityGlobals) = postSolution
		SolutionGuid = {40395055-3299-47D7-B567-11760B3B25C5}
	EndGlobalSection
EndGlobal
